
Microsoft Visual Studio Solution File, Format Version 12.00
# Visual Studio 15
VisualStudioVersion = 15.0.28307.489
MinimumVisualStudioVersion = 10.0.40219.1
Project("{9A19103F-16F7-4668-BE54-9A1E7A4F7556}") = "SerializerDictSupport", "SerializerDictSupport.csproj", "{B9424D4B-A523-42D1-860D-B5B74734D92D}"
EndProject
Global
	GlobalSection(SolutionConfigurationPlatforms) = preSolution
		Debug|Any CPU = Debug|Any CPU
		Release|Any CPU = Release|Any CPU
	EndGlobalSection
	GlobalSection(ProjectConfigurationPlatforms) = postSolution
		{B9424D4B-A523-42D1-860D-B5B74734D92D}.Debug|Any CPU.ActiveCfg = Debug|Any CPU
		{B9424D4B-A523-42D1-860D-B5B74734D92D}.Debug|Any CPU.Build.0 = Debug|Any CPU
		{B9424D4B-A523-42D1-860D-B5B74734D92D}.Release|Any CPU.ActiveCfg = Release|Any CPU
		{B9424D4B-A523-42D1-860D-B5B74734D92D}.Release|Any CPU.Build.0 = Release|Any CPU
	EndGlobalSection
	GlobalSection(SolutionProperties) = preSolution
		HideSolutionNode = FALSE
	EndGlobalSection
	GlobalSection(ExtensibilityGlobals) = postSolution
		SolutionGuid = {5E5E3C97-5ED5-46AE-A68C-80E32977C5E5}
	EndGlobalSection
EndGlobal
